// !$*UTF8*$!
{
	archiveVersion = 1;
	classes = {
	};
	objectVersion = 56;
	objects = {

/* Begin PBXBuildFile section */
		5BF639DF293922A700795E2D /* DurationView.swift in Sources */ = {isa = PBXBuildFile; fileRef = 5BF639DC293922A600795E2D /* DurationView.swift */; };
		5BF639E0293922A700795E2D /* PlayView.swift in Sources */ = {isa = PBXBuildFile; fileRef = 5BF639DD293922A600795E2D /* PlayView.swift */; };
		5BF639E1293922A700795E2D /* BeatNameView.swift in Sources */ = {isa = PBXBuildFile; fileRef = 5BF639DE293922A600795E2D /* BeatNameView.swift */; };
		D4C4F90729366F8200F1FC6E /* challengeQatar Watch App.app in Embed Watch Content */ = {isa = PBXBuildFile; fileRef = D4C4F90629366F8200F1FC6E /* challengeQatar Watch App.app */; settings = {ATTRIBUTES = (RemoveHeadersOnCopy, ); }; };
		D4C4F90C29366F8200F1FC6E /* challengeQatarApp.swift in Sources */ = {isa = PBXBuildFile; fileRef = D4C4F90B29366F8200F1FC6E /* challengeQatarApp.swift */; };
		D4C4F90E29366F8200F1FC6E /* ContentView.swift in Sources */ = {isa = PBXBuildFile; fileRef = D4C4F90D29366F8200F1FC6E /* ContentView.swift */; };
		D4C4F91029366F8300F1FC6E /* Assets.xcassets in Resources */ = {isa = PBXBuildFile; fileRef = D4C4F90F29366F8300F1FC6E /* Assets.xcassets */; };
		D4C4F91329366F8300F1FC6E /* Preview Assets.xcassets in Resources */ = {isa = PBXBuildFile; fileRef = D4C4F91229366F8300F1FC6E /* Preview Assets.xcassets */; };
/* End PBXBuildFile section */

/* Begin PBXContainerItemProxy section */
		D4C4F90829366F8200F1FC6E /* PBXContainerItemProxy */ = {
			isa = PBXContainerItemProxy;
			containerPortal = D4C4F8FA29366F8100F1FC6E /* Project object */;
			proxyType = 1;
			remoteGlobalIDString = D4C4F90529366F8200F1FC6E;
			remoteInfo = "challengeQatar Watch App";
		};
/* End PBXContainerItemProxy section */

/* Begin PBXCopyFilesBuildPhase section */
		D4C4F91929366F8300F1FC6E /* Embed Watch Content */ = {
			isa = PBXCopyFilesBuildPhase;
			buildActionMask = 2147483647;
			dstPath = "$(CONTENTS_FOLDER_PATH)/Watch";
			dstSubfolderSpec = 16;
			files = (
				D4C4F90729366F8200F1FC6E /* challengeQatar Watch App.app in Embed Watch Content */,
			);
			name = "Embed Watch Content";
			runOnlyForDeploymentPostprocessing = 0;
		};
/* End PBXCopyFilesBuildPhase section */

/* Begin PBXFileReference section */
		5BF639DC293922A600795E2D /* DurationView.swift */ = {isa = PBXFileReference; fileEncoding = 4; lastKnownFileType = sourcecode.swift; name = DurationView.swift; path = "../../../../Downloads/ChallengeQatar-feature-screen/challengeQatar Watch App/DurationView.swift"; sourceTree = "<group>"; };
		5BF639DD293922A600795E2D /* PlayView.swift */ = {isa = PBXFileReference; fileEncoding = 4; lastKnownFileType = sourcecode.swift; name = PlayView.swift; path = "../../../../Downloads/ChallengeQatar-feature-screen/challengeQatar Watch App/PlayView.swift"; sourceTree = "<group>"; };
		5BF639DE293922A600795E2D /* BeatNameView.swift */ = {isa = PBXFileReference; fileEncoding = 4; lastKnownFileType = sourcecode.swift; name = BeatNameView.swift; path = "../../../../Downloads/ChallengeQatar-feature-screen/challengeQatar Watch App/BeatNameView.swift"; sourceTree = "<group>"; };
		D4C4F90029366F8200F1FC6E /* challengeQatar.app */ = {isa = PBXFileReference; explicitFileType = wrapper.application; includeInIndex = 0; path = challengeQatar.app; sourceTree = BUILT_PRODUCTS_DIR; };
		D4C4F90629366F8200F1FC6E /* challengeQatar Watch App.app */ = {isa = PBXFileReference; explicitFileType = wrapper.application; includeInIndex = 0; path = "challengeQatar Watch App.app"; sourceTree = BUILT_PRODUCTS_DIR; };
		D4C4F90B29366F8200F1FC6E /* challengeQatarApp.swift */ = {isa = PBXFileReference; lastKnownFileType = sourcecode.swift; path = challengeQatarApp.swift; sourceTree = "<group>"; };
		D4C4F90D29366F8200F1FC6E /* ContentView.swift */ = {isa = PBXFileReference; lastKnownFileType = sourcecode.swift; path = ContentView.swift; sourceTree = "<group>"; };
		D4C4F90F29366F8300F1FC6E /* Assets.xcassets */ = {isa = PBXFileReference; lastKnownFileType = folder.assetcatalog; path = Assets.xcassets; sourceTree = "<group>"; };
		D4C4F91229366F8300F1FC6E /* Preview Assets.xcassets */ = {isa = PBXFileReference; lastKnownFileType = folder.assetcatalog; path = "Preview Assets.xcassets"; sourceTree = "<group>"; };
/* End PBXFileReference section */

/* Begin PBXFrameworksBuildPhase section */
		D4C4F90329366F8200F1FC6E /* Frameworks */ = {
			isa = PBXFrameworksBuildPhase;
			buildActionMask = 2147483647;
			files = (
			);
			runOnlyForDeploymentPostprocessing = 0;
		};
/* End PBXFrameworksBuildPhase section */

/* Begin PBXGroup section */
		D4C4F8F929366F8100F1FC6E = {
			isa = PBXGroup;
			children = (
				D4C4F90A29366F8200F1FC6E /* challengeQatar Watch App */,
				D4C4F90129366F8200F1FC6E /* Products */,
			);
			sourceTree = "<group>";
		};
		D4C4F90129366F8200F1FC6E /* Products */ = {
			isa = PBXGroup;
			children = (
				D4C4F90029366F8200F1FC6E /* challengeQatar.app */,
				D4C4F90629366F8200F1FC6E /* challengeQatar Watch App.app */,
			);
			name = Products;
			sourceTree = "<group>";
		};
		D4C4F90A29366F8200F1FC6E /* challengeQatar Watch App */ = {
			isa = PBXGroup;
			children = (
				D4C4F90B29366F8200F1FC6E /* challengeQatarApp.swift */,
				D4C4F90D29366F8200F1FC6E /* ContentView.swift */,
				5BF639DE293922A600795E2D /* BeatNameView.swift */,
				5BF639DC293922A600795E2D /* DurationView.swift */,
				5BF639DD293922A600795E2D /* PlayView.swift */,
				D4C4F90F29366F8300F1FC6E /* Assets.xcassets */,
				D4C4F91129366F8300F1FC6E /* Preview Content */,
			);
			path = "challengeQatar Watch App";
			sourceTree = "<group>";
		};
		D4C4F91129366F8300F1FC6E /* Preview Content */ = {
			isa = PBXGroup;
			children = (
				D4C4F91229366F8300F1FC6E /* Preview Assets.xcassets */,
			);
			path = "Preview Content";
			sourceTree = "<group>";
		};
/* End PBXGroup section */

/* Begin PBXNativeTarget section */
		D4C4F8FF29366F8200F1FC6E /* challengeQatar */ = {
			isa = PBXNativeTarget;
			buildConfigurationList = D4C4F91A29366F8300F1FC6E /* Build configuration list for PBXNativeTarget "challengeQatar" */;
			buildPhases = (
				D4C4F8FE29366F8200F1FC6E /* Resources */,
				D4C4F91929366F8300F1FC6E /* Embed Watch Content */,
			);
			buildRules = (
			);
			dependencies = (
				D4C4F90929366F8200F1FC6E /* PBXTargetDependency */,
			);
			name = challengeQatar;
			productName = challengeQatar;
			productReference = D4C4F90029366F8200F1FC6E /* challengeQatar.app */;
			productType = "com.apple.product-type.application.watchapp2-container";
		};
		D4C4F90529366F8200F1FC6E /* challengeQatar Watch App */ = {
			isa = PBXNativeTarget;
			buildConfigurationList = D4C4F91629366F8300F1FC6E /* Build configuration list for PBXNativeTarget "challengeQatar Watch App" */;
			buildPhases = (
				D4C4F90229366F8200F1FC6E /* Sources */,
				D4C4F90329366F8200F1FC6E /* Frameworks */,
				D4C4F90429366F8200F1FC6E /* Resources */,
			);
			buildRules = (
			);
			dependencies = (
			);
			name = "challengeQatar Watch App";
			productName = "challengeQatar Watch App";
			productReference = D4C4F90629366F8200F1FC6E /* challengeQatar Watch App.app */;
			productType = "com.apple.product-type.application";
		};
/* End PBXNativeTarget section */

/* Begin PBXProject section */
		D4C4F8FA29366F8100F1FC6E /* Project object */ = {
			isa = PBXProject;
			attributes = {
				BuildIndependentTargetsInParallel = 1;
				LastSwiftUpdateCheck = 1410;
				LastUpgradeCheck = 1410;
				TargetAttributes = {
					D4C4F8FF29366F8200F1FC6E = {
						CreatedOnToolsVersion = 14.1;
					};
					D4C4F90529366F8200F1FC6E = {
						CreatedOnToolsVersion = 14.1;
					};
				};
			};
			buildConfigurationList = D4C4F8FD29366F8100F1FC6E /* Build configuration list for PBXProject "challengeQatar" */;
			compatibilityVersion = "Xcode 14.0";
			developmentRegion = en;
			hasScannedForEncodings = 0;
			knownRegions = (
				en,
				Base,
			);
			mainGroup = D4C4F8F929366F8100F1FC6E;
			productRefGroup = D4C4F90129366F8200F1FC6E /* Products */;
			projectDirPath = "";
			projectRoot = "";
			targets = (
				D4C4F8FF29366F8200F1FC6E /* challengeQatar */,
				D4C4F90529366F8200F1FC6E /* challengeQatar Watch App */,
			);
		};
/* End PBXProject section */

/* Begin PBXResourcesBuildPhase section */
		D4C4F8FE29366F8200F1FC6E /* Resources */ = {
			isa = PBXResourcesBuildPhase;
			buildActionMask = 2147483647;
			files = (
			);
			runOnlyForDeploymentPostprocessing = 0;
		};
		D4C4F90429366F8200F1FC6E /* Resources */ = {
			isa = PBXResourcesBuildPhase;
			buildActionMask = 2147483647;
			files = (
				D4C4F91329366F8300F1FC6E /* Preview Assets.xcassets in Resources */,
				D4C4F91029366F8300F1FC6E /* Assets.xcassets in Resources */,
			);
			runOnlyForDeploymentPostprocessing = 0;
		};
/* End PBXResourcesBuildPhase section */

/* Begin PBXSourcesBuildPhase section */
		D4C4F90229366F8200F1FC6E /* Sources */ = {
			isa = PBXSourcesBuildPhase;
			buildActionMask = 2147483647;
			files = (
				D4C4F90E29366F8200F1FC6E /* ContentView.swift in Sources */,
				5BF639DF293922A700795E2D /* DurationView.swift in Sources */,
				5BF639E0293922A700795E2D /* PlayView.swift in Sources */,
				D4C4F90C29366F8200F1FC6E /* challengeQatarApp.swift in Sources */,
				5BF639E1293922A700795E2D /* BeatNameView.swift in Sources */,
			);
			runOnlyForDeploymentPostprocessing = 0;
		};
/* End PBXSourcesBuildPhase section */

/* Begin PBXTargetDependency section */
		D4C4F90929366F8200F1FC6E /* PBXTargetDependency */ = {
			isa = PBXTargetDependency;
			target = D4C4F90529366F8200F1FC6E /* challengeQatar Watch App */;
			targetProxy = D4C4F90829366F8200F1FC6E /* PBXContainerItemProxy */;
		};
/* End PBXTargetDependency section */

/* Begin XCBuildConfiguration section */
		D4C4F91429366F8300F1FC6E /* Debug */ = {
			isa = XCBuildConfiguration;
			buildSettings = {
				ALWAYS_SEARCH_USER_PATHS = NO;
				CLANG_ANALYZER_NONNULL = YES;
				CLANG_ANALYZER_NUMBER_OBJECT_CONVERSION = YES_AGGRESSIVE;
				CLANG_CXX_LANGUAGE_STANDARD = "gnu++20";
				CLANG_ENABLE_MODULES = YES;
				CLANG_ENABLE_OBJC_ARC = YES;
				CLANG_ENABLE_OBJC_WEAK = YES;
				CLANG_WARN_BLOCK_CAPTURE_AUTORELEASING = YES;
				CLANG_WARN_BOOL_CONVERSION = YES;
				CLANG_WARN_COMMA = YES;
				CLANG_WARN_CONSTANT_CONVERSION = YES;
				CLANG_WARN_DEPRECATED_OBJC_IMPLEMENTATIONS = YES;
				CLANG_WARN_DIRECT_OBJC_ISA_USAGE = YES_ERROR;
				CLANG_WARN_DOCUMENTATION_COMMENTS = YES;
				CLANG_WARN_EMPTY_BODY = YES;
				CLANG_WARN_ENUM_CONVERSION = YES;
				CLANG_WARN_INFINITE_RECURSION = YES;
				CLANG_WARN_INT_CONVERSION = YES;
				CLANG_WARN_NON_LITERAL_NULL_CONVERSION = YES;
				CLANG_WARN_OBJC_IMPLICIT_RETAIN_SELF = YES;
				CLANG_WARN_OBJC_LITERAL_CONVERSION = YES;
				CLANG_WARN_OBJC_ROOT_CLASS = YES_ERROR;
				CLANG_WARN_QUOTED_INCLUDE_IN_FRAMEWORK_HEADER = YES;
				CLANG_WARN_RANGE_LOOP_ANALYSIS = YES;
				CLANG_WARN_STRICT_PROTOTYPES = YES;
				CLANG_WARN_SUSPICIOUS_MOVE = YES;
				CLANG_WARN_UNGUARDED_AVAILABILITY = YES_AGGRESSIVE;
				CLANG_WARN_UNREACHABLE_CODE = YES;
				CLANG_WARN__DUPLICATE_METHOD_MATCH = YES;
				COPY_PHASE_STRIP = NO;
				DEBUG_INFORMATION_FORMAT = dwarf;
				ENABLE_STRICT_OBJC_MSGSEND = YES;
				ENABLE_TESTABILITY = YES;
				GCC_C_LANGUAGE_STANDARD = gnu11;
				GCC_DYNAMIC_NO_PIC = NO;
				GCC_NO_COMMON_BLOCKS = YES;
				GCC_OPTIMIZATION_LEVEL = 0;
				GCC_PREPROCESSOR_DEFINITIONS = (
					"DEBUG=1",
					"$(inherited)",
				);
				GCC_WARN_64_TO_32_BIT_CONVERSION = YES;
				GCC_WARN_ABOUT_RETURN_TYPE = YES_ERROR;
				GCC_WARN_UNDECLARED_SELECTOR = YES;
				GCC_WARN_UNINITIALIZED_AUTOS = YES_AGGRESSIVE;
				GCC_WARN_UNUSED_FUNCTION = YES;
				GCC_WARN_UNUSED_VARIABLE = YES;
				MTL_ENABLE_DEBUG_INFO = INCLUDE_SOURCE;
				MTL_FAST_MATH = YES;
				ONLY_ACTIVE_ARCH = YES;
				SWIFT_ACTIVE_COMPILATION_CONDITIONS = DEBUG;
				SWIFT_OPTIMIZATION_LEVEL = "-Onone";
			};
			name = Debug;
		};
		D4C4F91529366F8300F1FC6E /* Release */ = {
			isa = XCBuildConfiguration;
			buildSettings = {
				ALWAYS_SEARCH_USER_PATHS = NO;
				CLANG_ANALYZER_NONNULL = YES;
				CLANG_ANALYZER_NUMBER_OBJECT_CONVERSION = YES_AGGRESSIVE;
				CLANG_CXX_LANGUAGE_STANDARD = "gnu++20";
				CLANG_ENABLE_MODULES = YES;
				CLANG_ENABLE_OBJC_ARC = YES;
				CLANG_ENABLE_OBJC_WEAK = YES;
				CLANG_WARN_BLOCK_CAPTURE_AUTORELEASING = YES;
				CLANG_WARN_BOOL_CONVERSION = YES;
				CLANG_WARN_COMMA = YES;
				CLANG_WARN_CONSTANT_CONVERSION = YES;
				CLANG_WARN_DEPRECATED_OBJC_IMPLEMENTATIONS = YES;
				CLANG_WARN_DIRECT_OBJC_ISA_USAGE = YES_ERROR;
				CLANG_WARN_DOCUMENTATION_COMMENTS = YES;
				CLANG_WARN_EMPTY_BODY = YES;
				CLANG_WARN_ENUM_CONVERSION = YES;
				CLANG_WARN_INFINITE_RECURSION = YES;
				CLANG_WARN_INT_CONVERSION = YES;
				CLANG_WARN_NON_LITERAL_NULL_CONVERSION = YES;
				CLANG_WARN_OBJC_IMPLICIT_RETAIN_SELF = YES;
				CLANG_WARN_OBJC_LITERAL_CONVERSION = YES;
				CLANG_WARN_OBJC_ROOT_CLASS = YES_ERROR;
				CLANG_WARN_QUOTED_INCLUDE_IN_FRAMEWORK_HEADER = YES;
				CLANG_WARN_RANGE_LOOP_ANALYSIS = YES;
				CLANG_WARN_STRICT_PROTOTYPES = YES;
				CLANG_WARN_SUSPICIOUS_MOVE = YES;
				CLANG_WARN_UNGUARDED_AVAILABILITY = YES_AGGRESSIVE;
				CLANG_WARN_UNREACHABLE_CODE = YES;
				CLANG_WARN__DUPLICATE_METHOD_MATCH = YES;
				COPY_PHASE_STRIP = NO;
				DEBUG_INFORMATION_FORMAT = "dwarf-with-dsym";
				ENABLE_NS_ASSERTIONS = NO;
				ENABLE_STRICT_OBJC_MSGSEND = YES;
				GCC_C_LANGUAGE_STANDARD = gnu11;
				GCC_NO_COMMON_BLOCKS = YES;
				GCC_WARN_64_TO_32_BIT_CONVERSION = YES;
				GCC_WARN_ABOUT_RETURN_TYPE = YES_ERROR;
				GCC_WARN_UNDECLARED_SELECTOR = YES;
				GCC_WARN_UNINITIALIZED_AUTOS = YES_AGGRESSIVE;
				GCC_WARN_UNUSED_FUNCTION = YES;
				GCC_WARN_UNUSED_VARIABLE = YES;
				MTL_ENABLE_DEBUG_INFO = NO;
				MTL_FAST_MATH = YES;
				SWIFT_COMPILATION_MODE = wholemodule;
				SWIFT_OPTIMIZATION_LEVEL = "-O";
			};
			name = Release;
		};
		D4C4F91729366F8300F1FC6E /* Debug */ = {
			isa = XCBuildConfiguration;
			buildSettings = {
				ASSETCATALOG_COMPILER_APPICON_NAME = AppIcon;
				ASSETCATALOG_COMPILER_GLOBAL_ACCENT_COLOR_NAME = AccentColor;
				CODE_SIGN_STYLE = Automatic;
				CURRENT_PROJECT_VERSION = 1;
				DEVELOPMENT_ASSET_PATHS = "\"challengeQatar Watch App/Preview Content\"";
				DEVELOPMENT_TEAM = FQJGC4G68L;
				ENABLE_PREVIEWS = YES;
				GENERATE_INFOPLIST_FILE = YES;
				INFOPLIST_KEY_CFBundleDisplayName = challengeQatar;
				INFOPLIST_KEY_UISupportedInterfaceOrientations = "UIInterfaceOrientationPortrait UIInterfaceOrientationPortraitUpsideDown";
				INFOPLIST_KEY_WKWatchOnly = YES;
				LD_RUNPATH_SEARCH_PATHS = (
					"$(inherited)",
					"@executable_path/Frameworks",
				);
				MARKETING_VERSION = 1.0;
				PRODUCT_BUNDLE_IDENTIFIER = biAda.challengeQatar.watchkitapp;
				PRODUCT_NAME = "$(TARGET_NAME)";
				SDKROOT = watchos;
				SKIP_INSTALL = YES;
				SWIFT_EMIT_LOC_STRINGS = YES;
				SWIFT_VERSION = 5.0;
				TARGETED_DEVICE_FAMILY = 4;
				WATCHOS_DEPLOYMENT_TARGET = 9.1;
			};
			name = Debug;
		};
		D4C4F91829366F8300F1FC6E /* Release */ = {
			isa = XCBuildConfiguration;
			buildSettings = {
				ASSETCATALOG_COMPILER_APPICON_NAME = AppIcon;
				ASSETCATALOG_COMPILER_GLOBAL_ACCENT_COLOR_NAME = AccentColor;
				CODE_SIGN_STYLE = Automatic;
				CURRENT_PROJECT_VERSION = 1;
				DEVELOPMENT_ASSET_PATHS = "\"challengeQatar Watch App/Preview Content\"";
				DEVELOPMENT_TEAM = FQJGC4G68L;
				ENABLE_PREVIEWS = YES;
				GENERATE_INFOPLIST_FILE = YES;
				INFOPLIST_KEY_CFBundleDisplayName = challengeQatar;
				INFOPLIST_KEY_UISupportedInterfaceOrientations = "UIInterfaceOrientationPortrait UIInterfaceOrientationPortraitUpsideDown";
				INFOPLIST_KEY_WKWatchOnly = YES;
				LD_RUNPATH_SEARCH_PATHS = (
					"$(inherited)",
					"@executable_path/Frameworks",
				);
				MARKETING_VERSION = 1.0;
				PRODUCT_BUNDLE_IDENTIFIER = biAda.challengeQatar.watchkitapp;
				PRODUCT_NAME = "$(TARGET_NAME)";
				SDKROOT = watchos;
				SKIP_INSTALL = YES;
				SWIFT_EMIT_LOC_STRINGS = YES;
				SWIFT_VERSION = 5.0;
				TARGETED_DEVICE_FAMILY = 4;
				VALIDATE_PRODUCT = YES;
				WATCHOS_DEPLOYMENT_TARGET = 9.1;
			};
			name = Release;
		};
		D4C4F91B29366F8300F1FC6E /* Debug */ = {
			isa = XCBuildConfiguration;
			buildSettings = {
				ALWAYS_EMBED_SWIFT_STANDARD_LIBRARIES = YES;
				CODE_SIGN_STYLE = Automatic;
				CURRENT_PROJECT_VERSION = 1;
				DEVELOPMENT_TEAM = FQJGC4G68L;
				INFOPLIST_KEY_CFBundleDisplayName = challengeQatar;
				MARKETING_VERSION = 1.0;
				PRODUCT_BUNDLE_IDENTIFIER = biAda.challengeQatar;
				PRODUCT_NAME = "$(TARGET_NAME)";
				SDKROOT = iphoneos;
				SWIFT_VERSION = 5.0;
			};
			name = Debug;
		};
		D4C4F91C29366F8300F1FC6E /* Release */ = {
			isa = XCBuildConfiguration;
			buildSettings = {
				ALWAYS_EMBED_SWIFT_STANDARD_LIBRARIES = YES;
				CODE_SIGN_STYLE = Automatic;
				CURRENT_PROJECT_VERSION = 1;
				DEVELOPMENT_TEAM = FQJGC4G68L;
				INFOPLIST_KEY_CFBundleDisplayName = challengeQatar;
				MARKETING_VERSION = 1.0;
				PRODUCT_BUNDLE_IDENTIFIER = biAda.challengeQatar;
				PRODUCT_NAME = "$(TARGET_NAME)";
				SDKROOT = iphoneos;
				SWIFT_VERSION = 5.0;
				VALIDATE_PRODUCT = YES;
			};
			name = Release;
		};
/* End XCBuildConfiguration section */

/* Begin XCConfigurationList section */
		D4C4F8FD29366F8100F1FC6E /* Build configuration list for PBXProject "challengeQatar" */ = {
			isa = XCConfigurationList;
			buildConfigurations = (
				D4C4F91429366F8300F1FC6E /* Debug */,
				D4C4F91529366F8300F1FC6E /* Release */,
			);
			defaultConfigurationIsVisible = 0;
			defaultConfigurationName = Release;
		};
		D4C4F91629366F8300F1FC6E /* Build configuration list for PBXNativeTarget "challengeQatar Watch App" */ = {
			isa = XCConfigurationList;
			buildConfigurations = (
				D4C4F91729366F8300F1FC6E /* Debug */,
				D4C4F91829366F8300F1FC6E /* Release */,
			);
			defaultConfigurationIsVisible = 0;
			defaultConfigurationName = Release;
		};
		D4C4F91A29366F8300F1FC6E /* Build configuration list for PBXNativeTarget "challengeQatar" */ = {
			isa = XCConfigurationList;
			buildConfigurations = (
				D4C4F91B29366F8300F1FC6E /* Debug */,
				D4C4F91C29366F8300F1FC6E /* Release */,
			);
			defaultConfigurationIsVisible = 0;
			defaultConfigurationName = Release;
		};
/* End XCConfigurationList section */
	};
	rootObject = D4C4F8FA29366F8100F1FC6E /* Project object */;
}
